// !$*UTF8*$!
{
	archiveVersion = 1;
	classes = {
	};
	objectVersion = 50;
	objects = {

/* Begin PBXBuildFile section */
		D9112655233D168F00EFD016 /* TeacherViewController.swift in Sources */ = {isa = PBXBuildFile; fileRef = D9112654233D168F00EFD016 /* TeacherViewController.swift */; };
		D9112657233D174900EFD016 /* TeacherViewCell.swift in Sources */ = {isa = PBXBuildFile; fileRef = D9112656233D174900EFD016 /* TeacherViewCell.swift */; };
		D9112659233D2A6400EFD016 /* SubjectViewCell.swift in Sources */ = {isa = PBXBuildFile; fileRef = D9112658233D2A6400EFD016 /* SubjectViewCell.swift */; };
		D911265B233D2CC200EFD016 /* SubjectViewController.swift in Sources */ = {isa = PBXBuildFile; fileRef = D911265A233D2CC200EFD016 /* SubjectViewController.swift */; };
		D988CD3E23351C5E00356821 /* AppDelegate.swift in Sources */ = {isa = PBXBuildFile; fileRef = D988CD3D23351C5E00356821 /* AppDelegate.swift */; };
		D988CD4023351C5E00356821 /* MainViewController.swift in Sources */ = {isa = PBXBuildFile; fileRef = D988CD3F23351C5E00356821 /* MainViewController.swift */; };
		D988CD4323351C5E00356821 /* Main.storyboard in Resources */ = {isa = PBXBuildFile; fileRef = D988CD4123351C5E00356821 /* Main.storyboard */; };
		D988CD4523351C5F00356821 /* Assets.xcassets in Resources */ = {isa = PBXBuildFile; fileRef = D988CD4423351C5F00356821 /* Assets.xcassets */; };
		D988CD4823351C5F00356821 /* LaunchScreen.storyboard in Resources */ = {isa = PBXBuildFile; fileRef = D988CD4623351C5F00356821 /* LaunchScreen.storyboard */; };
		D99BAE0F2335353A0085800F /* Student.swift in Sources */ = {isa = PBXBuildFile; fileRef = D99BAE0E2335353A0085800F /* Student.swift */; };
		D99BAE11233547290085800F /* Teacher.swift in Sources */ = {isa = PBXBuildFile; fileRef = D99BAE10233547290085800F /* Teacher.swift */; };
		D99BAE13233547340085800F /* Subject.swift in Sources */ = {isa = PBXBuildFile; fileRef = D99BAE12233547340085800F /* Subject.swift */; };
		D9CBA1312339153400C4F749 /* DefaultData.swift in Sources */ = {isa = PBXBuildFile; fileRef = D9CBA1302339153400C4F749 /* DefaultData.swift */; };
		D9F90B03233BB15A00F29719 /* StudentViewController.swift in Sources */ = {isa = PBXBuildFile; fileRef = D9F90B02233BB15A00F29719 /* StudentViewController.swift */; };
		D9F90B05233BD5EA00F29719 /* StudentViewCell.swift in Sources */ = {isa = PBXBuildFile; fileRef = D9F90B04233BD5E900F29719 /* StudentViewCell.swift */; };
/* End PBXBuildFile section */

/* Begin PBXFileReference section */
		D9112654233D168F00EFD016 /* TeacherViewController.swift */ = {isa = PBXFileReference; lastKnownFileType = sourcecode.swift; path = TeacherViewController.swift; sourceTree = "<group>"; };
		D9112656233D174900EFD016 /* TeacherViewCell.swift */ = {isa = PBXFileReference; lastKnownFileType = sourcecode.swift; path = TeacherViewCell.swift; sourceTree = "<group>"; };
		D9112658233D2A6400EFD016 /* SubjectViewCell.swift */ = {isa = PBXFileReference; lastKnownFileType = sourcecode.swift; path = SubjectViewCell.swift; sourceTree = "<group>"; };
		D911265A233D2CC200EFD016 /* SubjectViewController.swift */ = {isa = PBXFileReference; lastKnownFileType = sourcecode.swift; path = SubjectViewController.swift; sourceTree = "<group>"; };
		D988CD3A23351C5E00356821 /* IOS-Clase-1.app */ = {isa = PBXFileReference; explicitFileType = wrapper.application; includeInIndex = 0; path = "IOS-Clase-1.app"; sourceTree = BUILT_PRODUCTS_DIR; };
		D988CD3D23351C5E00356821 /* AppDelegate.swift */ = {isa = PBXFileReference; lastKnownFileType = sourcecode.swift; path = AppDelegate.swift; sourceTree = "<group>"; };
		D988CD3F23351C5E00356821 /* MainViewController.swift */ = {isa = PBXFileReference; lastKnownFileType = sourcecode.swift; path = MainViewController.swift; sourceTree = "<group>"; };
		D988CD4223351C5E00356821 /* Base */ = {isa = PBXFileReference; lastKnownFileType = file.storyboard; name = Base; path = Base.lproj/Main.storyboard; sourceTree = "<group>"; };
		D988CD4423351C5F00356821 /* Assets.xcassets */ = {isa = PBXFileReference; lastKnownFileType = folder.assetcatalog; path = Assets.xcassets; sourceTree = "<group>"; };
		D988CD4723351C5F00356821 /* Base */ = {isa = PBXFileReference; lastKnownFileType = file.storyboard; name = Base; path = Base.lproj/LaunchScreen.storyboard; sourceTree = "<group>"; };
		D988CD4923351C5F00356821 /* Info.plist */ = {isa = PBXFileReference; lastKnownFileType = text.plist.xml; path = Info.plist; sourceTree = "<group>"; };
		D99BAE0E2335353A0085800F /* Student.swift */ = {isa = PBXFileReference; lastKnownFileType = sourcecode.swift; path = Student.swift; sourceTree = "<group>"; };
		D99BAE10233547290085800F /* Teacher.swift */ = {isa = PBXFileReference; lastKnownFileType = sourcecode.swift; path = Teacher.swift; sourceTree = "<group>"; };
		D99BAE12233547340085800F /* Subject.swift */ = {isa = PBXFileReference; lastKnownFileType = sourcecode.swift; path = Subject.swift; sourceTree = "<group>"; };
		D9CBA1302339153400C4F749 /* DefaultData.swift */ = {isa = PBXFileReference; lastKnownFileType = sourcecode.swift; path = DefaultData.swift; sourceTree = "<group>"; };
		D9F90B02233BB15A00F29719 /* StudentViewController.swift */ = {isa = PBXFileReference; lastKnownFileType = sourcecode.swift; path = StudentViewController.swift; sourceTree = "<group>"; };
		D9F90B04233BD5E900F29719 /* StudentViewCell.swift */ = {isa = PBXFileReference; lastKnownFileType = sourcecode.swift; path = StudentViewCell.swift; sourceTree = "<group>"; };
/* End PBXFileReference section */

/* Begin PBXFrameworksBuildPhase section */
		D988CD3723351C5E00356821 /* Frameworks */ = {
			isa = PBXFrameworksBuildPhase;
			buildActionMask = 2147483647;
			files = (
			);
			runOnlyForDeploymentPostprocessing = 0;
		};
/* End PBXFrameworksBuildPhase section */

/* Begin PBXGroup section */
		D988CD3123351C5E00356821 = {
			isa = PBXGroup;
			children = (
				D988CD3C23351C5E00356821 /* IOS-Clase-1 */,
				D988CD3B23351C5E00356821 /* Products */,
			);
			sourceTree = "<group>";
		};
		D988CD3B23351C5E00356821 /* Products */ = {
			isa = PBXGroup;
			children = (
				D988CD3A23351C5E00356821 /* IOS-Clase-1.app */,
			);
			name = Products;
			sourceTree = "<group>";
		};
		D988CD3C23351C5E00356821 /* IOS-Clase-1 */ = {
			isa = PBXGroup;
			children = (
				D988CD4F23352B2300356821 /* App */,
				D988CD5023352B7F00356821 /* Data */,
				D988CD5123352B9200356821 /* Resources */,
				D988CD5223352BDB00356821 /* UI */,
			);
			path = "IOS-Clase-1";
			sourceTree = "<group>";
		};
		D988CD4F23352B2300356821 /* App */ = {
			isa = PBXGroup;
			children = (
				D988CD3D23351C5E00356821 /* AppDelegate.swift */,
				D988CD4923351C5F00356821 /* Info.plist */,
			);
			path = App;
			sourceTree = "<group>";
		};
		D988CD5023352B7F00356821 /* Data */ = {
			isa = PBXGroup;
			children = (
				D99BAE0C233532CA0085800F /* Local */,
			);
			path = Data;
			sourceTree = "<group>";
		};
		D988CD5123352B9200356821 /* Resources */ = {
			isa = PBXGroup;
			children = (
				D988CD4423351C5F00356821 /* Assets.xcassets */,
			);
			path = Resources;
			sourceTree = "<group>";
		};
		D988CD5223352BDB00356821 /* UI */ = {
			isa = PBXGroup;
			children = (
				D988CD5423352C0500356821 /* Controllers */,
				D988CD5323352BFB00356821 /* Views */,
			);
			path = UI;
			sourceTree = "<group>";
		};
		D988CD5323352BFB00356821 /* Views */ = {
			isa = PBXGroup;
			children = (
				D988CD5523352C6300356821 /* Storyboards */,
			);
			path = Views;
			sourceTree = "<group>";
		};
		D988CD5423352C0500356821 /* Controllers */ = {
			isa = PBXGroup;
			children = (
				D988CD3F23351C5E00356821 /* MainViewController.swift */,
				D9F90B02233BB15A00F29719 /* StudentViewController.swift */,
				D9F90B04233BD5E900F29719 /* StudentViewCell.swift */,
				D9112654233D168F00EFD016 /* TeacherViewController.swift */,
				D911265A233D2CC200EFD016 /* SubjectViewController.swift */,
				D9112656233D174900EFD016 /* TeacherViewCell.swift */,
				D9112658233D2A6400EFD016 /* SubjectViewCell.swift */,
			);
			path = Controllers;
			sourceTree = "<group>";
		};
		D988CD5523352C6300356821 /* Storyboards */ = {
			isa = PBXGroup;
			children = (
				D988CD4123351C5E00356821 /* Main.storyboard */,
				D988CD4623351C5F00356821 /* LaunchScreen.storyboard */,
			);
			path = Storyboards;
			sourceTree = "<group>";
		};
		D99BAE0C233532CA0085800F /* Local */ = {
			isa = PBXGroup;
			children = (
				D99BAE0D233532D70085800F /* Models */,
				D9CBA1302339153400C4F749 /* DefaultData.swift */,
			);
			path = Local;
			sourceTree = "<group>";
		};
		D99BAE0D233532D70085800F /* Models */ = {
			isa = PBXGroup;
			children = (
				D99BAE0E2335353A0085800F /* Student.swift */,
				D99BAE10233547290085800F /* Teacher.swift */,
				D99BAE12233547340085800F /* Subject.swift */,
			);
			path = Models;
			sourceTree = "<group>";
		};
/* End PBXGroup section */

/* Begin PBXNativeTarget section */
		D988CD3923351C5E00356821 /* IOS-Clase-1 */ = {
			isa = PBXNativeTarget;
			buildConfigurationList = D988CD4C23351C5F00356821 /* Build configuration list for PBXNativeTarget "IOS-Clase-1" */;
			buildPhases = (
				D988CD3623351C5E00356821 /* Sources */,
				D988CD3723351C5E00356821 /* Frameworks */,
				D988CD3823351C5E00356821 /* Resources */,
			);
			buildRules = (
			);
			dependencies = (
			);
			name = "IOS-Clase-1";
			productName = "IOS-Clase-1";
			productReference = D988CD3A23351C5E00356821 /* IOS-Clase-1.app */;
			productType = "com.apple.product-type.application";
		};
/* End PBXNativeTarget section */

/* Begin PBXProject section */
		D988CD3223351C5E00356821 /* Project object */ = {
			isa = PBXProject;
			attributes = {
				LastSwiftUpdateCheck = 1030;
				LastUpgradeCheck = 1030;
				ORGANIZATIONNAME = Vbandin;
				TargetAttributes = {
					D988CD3923351C5E00356821 = {
						CreatedOnToolsVersion = 10.3;
					};
				};
			};
			buildConfigurationList = D988CD3523351C5E00356821 /* Build configuration list for PBXProject "IOS-Clase-1" */;
			compatibilityVersion = "Xcode 9.3";
			developmentRegion = en;
			hasScannedForEncodings = 0;
			knownRegions = (
				en,
				Base,
			);
			mainGroup = D988CD3123351C5E00356821;
			productRefGroup = D988CD3B23351C5E00356821 /* Products */;
			projectDirPath = "";
			projectRoot = "";
			targets = (
				D988CD3923351C5E00356821 /* IOS-Clase-1 */,
			);
		};
/* End PBXProject section */

/* Begin PBXResourcesBuildPhase section */
		D988CD3823351C5E00356821 /* Resources */ = {
			isa = PBXResourcesBuildPhase;
			buildActionMask = 2147483647;
			files = (
				D988CD4823351C5F00356821 /* LaunchScreen.storyboard in Resources */,
				D988CD4523351C5F00356821 /* Assets.xcassets in Resources */,
				D988CD4323351C5E00356821 /* Main.storyboard in Resources */,
			);
			runOnlyForDeploymentPostprocessing = 0;
		};
/* End PBXResourcesBuildPhase section */

/* Begin PBXSourcesBuildPhase section */
		D988CD3623351C5E00356821 /* Sources */ = {
			isa = PBXSourcesBuildPhase;
			buildActionMask = 2147483647;
			files = (
				D99BAE11233547290085800F /* Teacher.swift in Sources */,
				D911265B233D2CC200EFD016 /* SubjectViewController.swift in Sources */,
				D9112657233D174900EFD016 /* TeacherViewCell.swift in Sources */,
				D988CD4023351C5E00356821 /* MainViewController.swift in Sources */,
				D9F90B05233BD5EA00F29719 /* StudentViewCell.swift in Sources */,
				D99BAE0F2335353A0085800F /* Student.swift in Sources */,
				D9112659233D2A6400EFD016 /* SubjectViewCell.swift in Sources */,
				D9CBA1312339153400C4F749 /* DefaultData.swift in Sources */,
				D9112655233D168F00EFD016 /* TeacherViewController.swift in Sources */,
				D988CD3E23351C5E00356821 /* AppDelegate.swift in Sources */,
				D9F90B03233BB15A00F29719 /* StudentViewController.swift in Sources */,
				D99BAE13233547340085800F /* Subject.swift in Sources */,
			);
			runOnlyForDeploymentPostprocessing = 0;
		};
/* End PBXSourcesBuildPhase section */

/* Begin PBXVariantGroup section */
		D988CD4123351C5E00356821 /* Main.storyboard */ = {
			isa = PBXVariantGroup;
			children = (
				D988CD4223351C5E00356821 /* Base */,
			);
			name = Main.storyboard;
			sourceTree = "<group>";
		};
		D988CD4623351C5F00356821 /* LaunchScreen.storyboard */ = {
			isa = PBXVariantGroup;
			children = (
				D988CD4723351C5F00356821 /* Base */,
			);
			name = LaunchScreen.storyboard;
			sourceTree = "<group>";
		};
/* End PBXVariantGroup section */

/* Begin XCBuildConfiguration section */
		D988CD4A23351C5F00356821 /* Debug */ = {
			isa = XCBuildConfiguration;
			buildSettings = {
				ALWAYS_SEARCH_USER_PATHS = NO;
				CLANG_ANALYZER_NONNULL = YES;
				CLANG_ANALYZER_NUMBER_OBJECT_CONVERSION = YES_AGGRESSIVE;
				CLANG_CXX_LANGUAGE_STANDARD = "gnu++14";
				CLANG_CXX_LIBRARY = "libc++";
				CLANG_ENABLE_MODULES = YES;
				CLANG_ENABLE_OBJC_ARC = YES;
				CLANG_ENABLE_OBJC_WEAK = YES;
				CLANG_WARN_BLOCK_CAPTURE_AUTORELEASING = YES;
				CLANG_WARN_BOOL_CONVERSION = YES;
				CLANG_WARN_COMMA = YES;
				CLANG_WARN_CONSTANT_CONVERSION = YES;
				CLANG_WARN_DEPRECATED_OBJC_IMPLEMENTATIONS = YES;
				CLANG_WARN_DIRECT_OBJC_ISA_USAGE = YES_ERROR;
				CLANG_WARN_DOCUMENTATION_COMMENTS = YES;
				CLANG_WARN_EMPTY_BODY = YES;
				CLANG_WARN_ENUM_CONVERSION = YES;
				CLANG_WARN_INFINITE_RECURSION = YES;
				CLANG_WARN_INT_CONVERSION = YES;
				CLANG_WARN_NON_LITERAL_NULL_CONVERSION = YES;
				CLANG_WARN_OBJC_IMPLICIT_RETAIN_SELF = YES;
				CLANG_WARN_OBJC_LITERAL_CONVERSION = YES;
				CLANG_WARN_OBJC_ROOT_CLASS = YES_ERROR;
				CLANG_WARN_RANGE_LOOP_ANALYSIS = YES;
				CLANG_WARN_STRICT_PROTOTYPES = YES;
				CLANG_WARN_SUSPICIOUS_MOVE = YES;
				CLANG_WARN_UNGUARDED_AVAILABILITY = YES_AGGRESSIVE;
				CLANG_WARN_UNREACHABLE_CODE = YES;
				CLANG_WARN__DUPLICATE_METHOD_MATCH = YES;
				CODE_SIGN_IDENTITY = "iPhone Developer";
				COPY_PHASE_STRIP = NO;
				DEBUG_INFORMATION_FORMAT = dwarf;
				ENABLE_STRICT_OBJC_MSGSEND = YES;
				ENABLE_TESTABILITY = YES;
				GCC_C_LANGUAGE_STANDARD = gnu11;
				GCC_DYNAMIC_NO_PIC = NO;
				GCC_NO_COMMON_BLOCKS = YES;
				GCC_OPTIMIZATION_LEVEL = 0;
				GCC_PREPROCESSOR_DEFINITIONS = (
					"DEBUG=1",
					"$(inherited)",
				);
				GCC_WARN_64_TO_32_BIT_CONVERSION = YES;
				GCC_WARN_ABOUT_RETURN_TYPE = YES_ERROR;
				GCC_WARN_UNDECLARED_SELECTOR = YES;
				GCC_WARN_UNINITIALIZED_AUTOS = YES_AGGRESSIVE;
				GCC_WARN_UNUSED_FUNCTION = YES;
				GCC_WARN_UNUSED_VARIABLE = YES;
				IPHONEOS_DEPLOYMENT_TARGET = 12.4;
				MTL_ENABLE_DEBUG_INFO = INCLUDE_SOURCE;
				MTL_FAST_MATH = YES;
				ONLY_ACTIVE_ARCH = YES;
				SDKROOT = iphoneos;
				SWIFT_ACTIVE_COMPILATION_CONDITIONS = DEBUG;
				SWIFT_OPTIMIZATION_LEVEL = "-Onone";
			};
			name = Debug;
		};
		D988CD4B23351C5F00356821 /* Release */ = {
			isa = XCBuildConfiguration;
			buildSettings = {
				ALWAYS_SEARCH_USER_PATHS = NO;
				CLANG_ANALYZER_NONNULL = YES;
				CLANG_ANALYZER_NUMBER_OBJECT_CONVERSION = YES_AGGRESSIVE;
				CLANG_CXX_LANGUAGE_STANDARD = "gnu++14";
				CLANG_CXX_LIBRARY = "libc++";
				CLANG_ENABLE_MODULES = YES;
				CLANG_ENABLE_OBJC_ARC = YES;
				CLANG_ENABLE_OBJC_WEAK = YES;
				CLANG_WARN_BLOCK_CAPTURE_AUTORELEASING = YES;
				CLANG_WARN_BOOL_CONVERSION = YES;
				CLANG_WARN_COMMA = YES;
				CLANG_WARN_CONSTANT_CONVERSION = YES;
				CLANG_WARN_DEPRECATED_OBJC_IMPLEMENTATIONS = YES;
				CLANG_WARN_DIRECT_OBJC_ISA_USAGE = YES_ERROR;
				CLANG_WARN_DOCUMENTATION_COMMENTS = YES;
				CLANG_WARN_EMPTY_BODY = YES;
				CLANG_WARN_ENUM_CONVERSION = YES;
				CLANG_WARN_INFINITE_RECURSION = YES;
				CLANG_WARN_INT_CONVERSION = YES;
				CLANG_WARN_NON_LITERAL_NULL_CONVERSION = YES;
				CLANG_WARN_OBJC_IMPLICIT_RETAIN_SELF = YES;
				CLANG_WARN_OBJC_LITERAL_CONVERSION = YES;
				CLANG_WARN_OBJC_ROOT_CLASS = YES_ERROR;
				CLANG_WARN_RANGE_LOOP_ANALYSIS = YES;
				CLANG_WARN_STRICT_PROTOTYPES = YES;
				CLANG_WARN_SUSPICIOUS_MOVE = YES;
				CLANG_WARN_UNGUARDED_AVAILABILITY = YES_AGGRESSIVE;
				CLANG_WARN_UNREACHABLE_CODE = YES;
				CLANG_WARN__DUPLICATE_METHOD_MATCH = YES;
				CODE_SIGN_IDENTITY = "iPhone Developer";
				COPY_PHASE_STRIP = NO;
				DEBUG_INFORMATION_FORMAT = "dwarf-with-dsym";
				ENABLE_NS_ASSERTIONS = NO;
				ENABLE_STRICT_OBJC_MSGSEND = YES;
				GCC_C_LANGUAGE_STANDARD = gnu11;
				GCC_NO_COMMON_BLOCKS = YES;
				GCC_WARN_64_TO_32_BIT_CONVERSION = YES;
				GCC_WARN_ABOUT_RETURN_TYPE = YES_ERROR;
				GCC_WARN_UNDECLARED_SELECTOR = YES;
				GCC_WARN_UNINITIALIZED_AUTOS = YES_AGGRESSIVE;
				GCC_WARN_UNUSED_FUNCTION = YES;
				GCC_WARN_UNUSED_VARIABLE = YES;
				IPHONEOS_DEPLOYMENT_TARGET = 12.4;
				MTL_ENABLE_DEBUG_INFO = NO;
				MTL_FAST_MATH = YES;
				SDKROOT = iphoneos;
				SWIFT_COMPILATION_MODE = wholemodule;
				SWIFT_OPTIMIZATION_LEVEL = "-O";
				VALIDATE_PRODUCT = YES;
			};
			name = Release;
		};
		D988CD4D23351C5F00356821 /* Debug */ = {
			isa = XCBuildConfiguration;
			buildSettings = {
				ASSETCATALOG_COMPILER_APPICON_NAME = AppIcon;
				CODE_SIGN_STYLE = Manual;
				DEVELOPMENT_TEAM = "";
				INFOPLIST_FILE = "$(SRCROOT)/IOS-Clase-1/App/Info.plist";
				LD_RUNPATH_SEARCH_PATHS = (
					"$(inherited)",
					"@executable_path/Frameworks",
				);
				PRODUCT_BUNDLE_IDENTIFIER = "com.vbandin.IOS-Clase-1";
				PRODUCT_NAME = "$(TARGET_NAME)";
				PROVISIONING_PROFILE_SPECIFIER = "";
				SWIFT_VERSION = 5.0;
				TARGETED_DEVICE_FAMILY = "1,2";
			};
			name = Debug;
		};
		D988CD4E23351C5F00356821 /* Release */ = {
			isa = XCBuildConfiguration;
			buildSettings = {
				ASSETCATALOG_COMPILER_APPICON_NAME = AppIcon;
				CODE_SIGN_STYLE = Manual;
				DEVELOPMENT_TEAM = "";
				INFOPLIST_FILE = "$(SRCROOT)/IOS-Clase-1/App/Info.plist";
				LD_RUNPATH_SEARCH_PATHS = (
					"$(inherited)",
					"@executable_path/Frameworks",
				);
				PRODUCT_BUNDLE_IDENTIFIER = "com.vbandin.IOS-Clase-1";
				PRODUCT_NAME = "$(TARGET_NAME)";
				PROVISIONING_PROFILE_SPECIFIER = "";
				SWIFT_VERSION = 5.0;
				TARGETED_DEVICE_FAMILY = "1,2";
			};
			name = Release;
		};
/* End XCBuildConfiguration section */

/* Begin XCConfigurationList section */
		D988CD3523351C5E00356821 /* Build configuration list for PBXProject "IOS-Clase-1" */ = {
			isa = XCConfigurationList;
			buildConfigurations = (
				D988CD4A23351C5F00356821 /* Debug */,
				D988CD4B23351C5F00356821 /* Release */,
			);
			defaultConfigurationIsVisible = 0;
			defaultConfigurationName = Release;
		};
		D988CD4C23351C5F00356821 /* Build configuration list for PBXNativeTarget "IOS-Clase-1" */ = {
			isa = XCConfigurationList;
			buildConfigurations = (
				D988CD4D23351C5F00356821 /* Debug */,
				D988CD4E23351C5F00356821 /* Release */,
			);
			defaultConfigurationIsVisible = 0;
			defaultConfigurationName = Release;
		};
/* End XCConfigurationList section */
	};
	rootObject = D988CD3223351C5E00356821 /* Project object */;
}
